# THIS IS AN AUTOGENERATED FILE. DO NOT EDIT THIS FILE DIRECTLY.
# yarn lockfile v1


"@types/crypto-js@^3.1.47":
  version "3.1.47"
  resolved "https://registry.npm.taobao.org/@types/crypto-js/download/@types/crypto-js-3.1.47.tgz?cache=0&sync_timestamp=1596841462516&other_urls=https%3A%2F%2Fregistry.npm.taobao.org%2F%40types%2Fcrypto-js%2Fdownload%2F%40types%2Fcrypto-js-3.1.47.tgz#36e549dd3f1322742a3a738e7c113ebe48221860"
  integrity sha1-NuVJ3T8TInQqOnOOfBE+vkgiGGA=

"@types/node@^14.6.4":
  version "14.6.4"
  resolved "https://registry.npm.taobao.org/@types/node/download/@types/node-14.6.4.tgz?cache=0&sync_timestamp=1599170093651&other_urls=https%3A%2F%2Fregistry.npm.taobao.org%2F%40types%2Fnode%2Fdownload%2F%40types%2Fnode-14.6.4.tgz#a145cc0bb14ef9c4777361b7bbafa5cf8e3acb5a"
  integrity sha1-oUXMC7FO+cR3c2G3u6+lz446y1o=

commander@^6.1.0:
  version "6.1.0"
  resolved "https://registry.npm.taobao.org/commander/download/commander-6.1.0.tgz?cache=0&sync_timestamp=1598576088458&other_urls=https%3A%2F%2Fregistry.npm.taobao.org%2Fcommander%2Fdownload%2Fcommander-6.1.0.tgz#f8d722b78103141006b66f4c7ba1e97315ba75bc"
  integrity sha1-+Ncit4EDFBAGtm9Me6HpcxW6dbw=

crypto-js@^4.0.0:
  version "4.0.0"
  resolved "https://registry.npm.taobao.org/crypto-js/download/crypto-js-4.0.0.tgz#2904ab2677a9d042856a2ea2ef80de92e4a36dcc"
  integrity sha1-KQSrJnep0EKFai6i74DekuSjbcw=
